
Microsoft Visual Studio Solution File, Format Version 12.00
# Visual Studio Version 17
VisualStudioVersion = 17.3.32929.385
MinimumVisualStudioVersion = 10.0.40219.1
Project("{FAE04EC0-301F-11D3-BF4B-00C04F79EFBC}") = "arraytest2", "arraytest2\arraytest2.csproj", "{0AB89669-8EB5-41B1-9EFF-20B121FF95DB}"
EndProject
Global
	GlobalSection(SolutionConfigurationPlatforms) = preSolution
		Debug|Any CPU = Debug|Any CPU
		Release|Any CPU = Release|Any CPU
	EndGlobalSection
	GlobalSection(ProjectConfigurationPlatforms) = postSolution
		{0AB89669-8EB5-41B1-9EFF-20B121FF95DB}.Debug|Any CPU.ActiveCfg = Debug|Any CPU
		{0AB89669-8EB5-41B1-9EFF-20B121FF95DB}.Debug|Any CPU.Build.0 = Debug|Any CPU
		{0AB89669-8EB5-41B1-9EFF-20B121FF95DB}.Release|Any CPU.ActiveCfg = Release|Any CPU
		{0AB89669-8EB5-41B1-9EFF-20B121FF95DB}.Release|Any CPU.Build.0 = Release|Any CPU
	EndGlobalSection
	GlobalSection(SolutionProperties) = preSolution
		HideSolutionNode = FALSE
	EndGlobalSection
	GlobalSection(ExtensibilityGlobals) = postSolution
		SolutionGuid = {136CD57C-F61F-4334-AE3C-01B549B0E996}
	EndGlobalSection
EndGlobal
